
Microsoft Visual Studio Solution File, Format Version 12.00
# Visual Studio Version 17
VisualStudioVersion = 17.10.34916.146
MinimumVisualStudioVersion = 10.0.40219.1
Project("{FAE04EC0-301F-11D3-BF4B-00C04F79EFBC}") = "TT_matBlazor", "TT_matBlazor\TT_matBlazor.csproj", "{CAA35A5F-DA64-46CC-B7E2-F401FD5BC34B}"
EndProject
Global
	GlobalSection(SolutionConfigurationPlatforms) = preSolution
		Debug|Any CPU = Debug|Any CPU
		Release|Any CPU = Release|Any CPU
	EndGlobalSection
	GlobalSection(ProjectConfigurationPlatforms) = postSolution
		{CAA35A5F-DA64-46CC-B7E2-F401FD5BC34B}.Debug|Any CPU.ActiveCfg = Debug|Any CPU
		{CAA35A5F-DA64-46CC-B7E2-F401FD5BC34B}.Debug|Any CPU.Build.0 = Debug|Any CPU
		{CAA35A5F-DA64-46CC-B7E2-F401FD5BC34B}.Release|Any CPU.ActiveCfg = Release|Any CPU
		{CAA35A5F-DA64-46CC-B7E2-F401FD5BC34B}.Release|Any CPU.Build.0 = Release|Any CPU
	EndGlobalSection
	GlobalSection(SolutionProperties) = preSolution
		HideSolutionNode = FALSE
	EndGlobalSection
	GlobalSection(ExtensibilityGlobals) = postSolution
		SolutionGuid = {E1A2BC21-8886-45E0-8D37-65E674706F08}
	EndGlobalSection
EndGlobal
